
Microsoft Visual Studio Solution File, Format Version 12.00
# Visual Studio 15
VisualStudioVersion = 15.0.26403.7
MinimumVisualStudioVersion = 10.0.40219.1
Project("{FAE04EC0-301F-11D3-BF4B-00C04F79EFBC}") = "maduka-Azure-CDN", "maduka-Azure-CDN\maduka-Azure-CDN.csproj", "{FD80DE1D-9C79-488F-8BEF-37420B9EAECD}"
EndProject
Global
	GlobalSection(SolutionConfigurationPlatforms) = preSolution
		Debug|Any CPU = Debug|Any CPU
		Release|Any CPU = Release|Any CPU
	EndGlobalSection
	GlobalSection(ProjectConfigurationPlatforms) = postSolution
		{FD80DE1D-9C79-488F-8BEF-37420B9EAECD}.Debug|Any CPU.ActiveCfg = Debug|Any CPU
		{FD80DE1D-9C79-488F-8BEF-37420B9EAECD}.Debug|Any CPU.Build.0 = Debug|Any CPU
		{FD80DE1D-9C79-488F-8BEF-37420B9EAECD}.Release|Any CPU.ActiveCfg = Release|Any CPU
		{FD80DE1D-9C79-488F-8BEF-37420B9EAECD}.Release|Any CPU.Build.0 = Release|Any CPU
	EndGlobalSection
	GlobalSection(SolutionProperties) = preSolution
		HideSolutionNode = FALSE
	EndGlobalSection
EndGlobal
